
Microsoft Visual Studio Solution File, Format Version 12.00
# Visual Studio 15
VisualStudioVersion = 15.0.26124.0
MinimumVisualStudioVersion = 15.0.26124.0
Project("{2150E333-8FDC-42A3-9474-1A3956D46DE8}") = "src", "src", "{6BCD2F6F-5AF4-4931-8CF9-5619AC3F8C02}"
EndProject
Project("{FAE04EC0-301F-11D3-BF4B-00C04F79EFBC}") = "MvcCocoon", "src\MvcCocoon\MvcCocoon.csproj", "{41A85247-9629-4B45-9E19-6C7B06D04E4E}"
EndProject
Project("{FAE04EC0-301F-11D3-BF4B-00C04F79EFBC}") = "ReCode.Cocoon.Proxy", "..\..\main\src\ReCode.Cocoon.Proxy\ReCode.Cocoon.Proxy.csproj", "{FD71DBB0-A85D-4F97-9EC0-9278E299B99B}"
EndProject
Project("{FAE04EC0-301F-11D3-BF4B-00C04F79EFBC}") = "SharedStuff", "src\SharedStuff\SharedStuff.csproj", "{8A447A44-2890-4560-91F6-2513098F4FD7}"
EndProject
Global
	GlobalSection(SolutionConfigurationPlatforms) = preSolution
		Debug|Any CPU = Debug|Any CPU
		Debug|x64 = Debug|x64
		Debug|x86 = Debug|x86
		Release|Any CPU = Release|Any CPU
		Release|x64 = Release|x64
		Release|x86 = Release|x86
	EndGlobalSection
	GlobalSection(SolutionProperties) = preSolution
		HideSolutionNode = FALSE
	EndGlobalSection
	GlobalSection(ProjectConfigurationPlatforms) = postSolution
		{41A85247-9629-4B45-9E19-6C7B06D04E4E}.Debug|Any CPU.ActiveCfg = Debug|Any CPU
		{41A85247-9629-4B45-9E19-6C7B06D04E4E}.Debug|Any CPU.Build.0 = Debug|Any CPU
		{41A85247-9629-4B45-9E19-6C7B06D04E4E}.Debug|x64.ActiveCfg = Debug|Any CPU
		{41A85247-9629-4B45-9E19-6C7B06D04E4E}.Debug|x64.Build.0 = Debug|Any CPU
		{41A85247-9629-4B45-9E19-6C7B06D04E4E}.Debug|x86.ActiveCfg = Debug|Any CPU
		{41A85247-9629-4B45-9E19-6C7B06D04E4E}.Debug|x86.Build.0 = Debug|Any CPU
		{41A85247-9629-4B45-9E19-6C7B06D04E4E}.Release|Any CPU.ActiveCfg = Release|Any CPU
		{41A85247-9629-4B45-9E19-6C7B06D04E4E}.Release|Any CPU.Build.0 = Release|Any CPU
		{41A85247-9629-4B45-9E19-6C7B06D04E4E}.Release|x64.ActiveCfg = Release|Any CPU
		{41A85247-9629-4B45-9E19-6C7B06D04E4E}.Release|x64.Build.0 = Release|Any CPU
		{41A85247-9629-4B45-9E19-6C7B06D04E4E}.Release|x86.ActiveCfg = Release|Any CPU
		{41A85247-9629-4B45-9E19-6C7B06D04E4E}.Release|x86.Build.0 = Release|Any CPU
		{FD71DBB0-A85D-4F97-9EC0-9278E299B99B}.Debug|Any CPU.ActiveCfg = Debug|Any CPU
		{FD71DBB0-A85D-4F97-9EC0-9278E299B99B}.Debug|Any CPU.Build.0 = Debug|Any CPU
		{FD71DBB0-A85D-4F97-9EC0-9278E299B99B}.Debug|x64.ActiveCfg = Debug|Any CPU
		{FD71DBB0-A85D-4F97-9EC0-9278E299B99B}.Debug|x64.Build.0 = Debug|Any CPU
		{FD71DBB0-A85D-4F97-9EC0-9278E299B99B}.Debug|x86.ActiveCfg = Debug|Any CPU
		{FD71DBB0-A85D-4F97-9EC0-9278E299B99B}.Debug|x86.Build.0 = Debug|Any CPU
		{FD71DBB0-A85D-4F97-9EC0-9278E299B99B}.Release|Any CPU.ActiveCfg = Release|Any CPU
		{FD71DBB0-A85D-4F97-9EC0-9278E299B99B}.Release|Any CPU.Build.0 = Release|Any CPU
		{FD71DBB0-A85D-4F97-9EC0-9278E299B99B}.Release|x64.ActiveCfg = Release|Any CPU
		{FD71DBB0-A85D-4F97-9EC0-9278E299B99B}.Release|x64.Build.0 = Release|Any CPU
		{FD71DBB0-A85D-4F97-9EC0-9278E299B99B}.Release|x86.ActiveCfg = Release|Any CPU
		{FD71DBB0-A85D-4F97-9EC0-9278E299B99B}.Release|x86.Build.0 = Release|Any CPU
		{8A447A44-2890-4560-91F6-2513098F4FD7}.Debug|Any CPU.ActiveCfg = Debug|Any CPU
		{8A447A44-2890-4560-91F6-2513098F4FD7}.Debug|Any CPU.Build.0 = Debug|Any CPU
		{8A447A44-2890-4560-91F6-2513098F4FD7}.Debug|x64.ActiveCfg = Debug|Any CPU
		{8A447A44-2890-4560-91F6-2513098F4FD7}.Debug|x64.Build.0 = Debug|Any CPU
		{8A447A44-2890-4560-91F6-2513098F4FD7}.Debug|x86.ActiveCfg = Debug|Any CPU
		{8A447A44-2890-4560-91F6-2513098F4FD7}.Debug|x86.Build.0 = Debug|Any CPU
		{8A447A44-2890-4560-91F6-2513098F4FD7}.Release|Any CPU.ActiveCfg = Release|Any CPU
		{8A447A44-2890-4560-91F6-2513098F4FD7}.Release|Any CPU.Build.0 = Release|Any CPU
		{8A447A44-2890-4560-91F6-2513098F4FD7}.Release|x64.ActiveCfg = Release|Any CPU
		{8A447A44-2890-4560-91F6-2513098F4FD7}.Release|x64.Build.0 = Release|Any CPU
		{8A447A44-2890-4560-91F6-2513098F4FD7}.Release|x86.ActiveCfg = Release|Any CPU
		{8A447A44-2890-4560-91F6-2513098F4FD7}.Release|x86.Build.0 = Release|Any CPU
	EndGlobalSection
	GlobalSection(NestedProjects) = preSolution
		{41A85247-9629-4B45-9E19-6C7B06D04E4E} = {6BCD2F6F-5AF4-4931-8CF9-5619AC3F8C02}
		{FD71DBB0-A85D-4F97-9EC0-9278E299B99B} = {6BCD2F6F-5AF4-4931-8CF9-5619AC3F8C02}
		{8A447A44-2890-4560-91F6-2513098F4FD7} = {6BCD2F6F-5AF4-4931-8CF9-5619AC3F8C02}
	EndGlobalSection
EndGlobal
