
Microsoft Visual Studio Solution File, Format Version 12.00
# Visual Studio 15
VisualStudioVersion = 15.0.26124.0
MinimumVisualStudioVersion = 15.0.26124.0
Project("{2150E333-8FDC-42A3-9474-1A3956D46DE8}") = "src", "src", "{0E307CDC-C426-4BC9-A014-5E758957C1D2}"
EndProject
Project("{FAE04EC0-301F-11D3-BF4B-00C04F79EFBC}") = "ReCode.Cocoon.Proxy", "src\ReCode.Cocoon.Proxy\ReCode.Cocoon.Proxy.csproj", "{21676F21-B2BB-4D3B-86EC-99D57BA3B024}"
EndProject
Project("{FAE04EC0-301F-11D3-BF4B-00C04F79EFBC}") = "ReCode.Cocoon.Legacy", "src\ReCode.Cocoon.Legacy\ReCode.Cocoon.Legacy.csproj", "{9D13A8F6-22D1-477C-B59E-DEC06995E0A1}"
EndProject
Project("{2150E333-8FDC-42A3-9474-1A3956D46DE8}") = "test", "test", "{52EA03A8-55D8-4684-9E04-7F55EEBACF37}"
EndProject
Project("{FAE04EC0-301F-11D3-BF4B-00C04F79EFBC}") = "ReCode.Cocoon.Legacy.Tests", "test\ReCode.Cocoon.Legacy.Tests\ReCode.Cocoon.Legacy.Tests.csproj", "{9F7913A0-4556-4D38-8407-61F8F395721E}"
EndProject
Project("{FAE04EC0-301F-11D3-BF4B-00C04F79EFBC}") = "ReCode.Cocoon.Proxy.Tests", "test\ReCode.Cocoon.Proxy.Tests\ReCode.Cocoon.Proxy.Tests.csproj", "{707916AB-A40C-45CB-B5F9-E346D9BBF047}"
EndProject
Project("{FAE04EC0-301F-11D3-BF4B-00C04F79EFBC}") = "ReCode.Cocoon.Proxy.BlazorServer", "src\ReCode.Cocoon.Proxy.BlazorServer\ReCode.Cocoon.Proxy.BlazorServer.csproj", "{5A81297F-AF89-4847-93FE-88362061C5E9}"
EndProject
Project("{FAE04EC0-301F-11D3-BF4B-00C04F79EFBC}") = "ReCode.Cocoon.Proxy.BlazorWasm", "src\ReCode.Cocoon.Proxy.BlazorWasm\ReCode.Cocoon.Proxy.BlazorWasm.csproj", "{200559B3-BE72-456F-9166-883AFE614BA3}"
EndProject
Project("{FAE04EC0-301F-11D3-BF4B-00C04F79EFBC}") = "ReCode.Cocoon.Proxy.BlazorWasmAuth", "src\ReCode.Cocoon.Proxy.BlazorWasmAuth\ReCode.Cocoon.Proxy.BlazorWasmAuth.csproj", "{EAA4B961-CF8A-4230-A2CE-962B0FA171FD}"
EndProject
Project("{2150E333-8FDC-42A3-9474-1A3956D46DE8}") = "benchmarks", "benchmarks", "{A739953D-FA7F-4576-B229-A0E786686866}"
EndProject
Project("{FAE04EC0-301F-11D3-BF4B-00C04F79EFBC}") = "ReCode.Cocoon.Proxy.Benchmarks", "benchmarks\ReCode.Cocoon.Proxy.Benchmarks\ReCode.Cocoon.Proxy.Benchmarks.csproj", "{33521FFB-D30A-40E5-8AA8-2E394CD01E76}"
EndProject
Project("{2150E333-8FDC-42A3-9474-1A3956D46DE8}") = "assets", "assets", "{19C51172-6F93-479C-BF81-EDA51D6597AE}"
ProjectSection(SolutionItems) = preProject
	Directory.Build.props = Directory.Build.props
EndProjectSection
EndProject
Project("{2150E333-8FDC-42A3-9474-1A3956D46DE8}") = ".github", ".github", "{6AD14C47-2BE5-4428-AB83-641684162C8A}"
ProjectSection(SolutionItems) = preProject
	..\.github\workflows\dotnet-develop.yml = ..\.github\workflows\dotnet-develop.yml
EndProjectSection
EndProject
Project("{2150E333-8FDC-42A3-9474-1A3956D46DE8}") = "integration", "integration", "{D59BBE80-D414-4AFD-BE3A-A50659F8E4C7}"
EndProject
Project("{2150E333-8FDC-42A3-9474-1A3956D46DE8}") = ".support", ".support", "{93B28246-7C58-4517-96A4-A285A75C6E95}"
ProjectSection(SolutionItems) = preProject
	..\README.md = ..\README.md
	..\docker-compose.yml = ..\docker-compose.yml
EndProjectSection
EndProject
Project("{FAE04EC0-301F-11D3-BF4B-00C04F79EFBC}") = "ReCode.Cocoon.Integration.Tests", "test\ReCode.Cocoon.Integration.Tests\ReCode.Cocoon.Integration.Tests.csproj", "{50D09003-1986-415F-9806-408632BF21CA}"
EndProject
Global
	GlobalSection(SolutionConfigurationPlatforms) = preSolution
		Debug|Any CPU = Debug|Any CPU
		Debug|x64 = Debug|x64
		Debug|x86 = Debug|x86
		Release|Any CPU = Release|Any CPU
		Release|x64 = Release|x64
		Release|x86 = Release|x86
	EndGlobalSection
	GlobalSection(SolutionProperties) = preSolution
		HideSolutionNode = FALSE
	EndGlobalSection
	GlobalSection(ProjectConfigurationPlatforms) = postSolution
		{21676F21-B2BB-4D3B-86EC-99D57BA3B024}.Debug|Any CPU.ActiveCfg = Debug|Any CPU
		{21676F21-B2BB-4D3B-86EC-99D57BA3B024}.Debug|Any CPU.Build.0 = Debug|Any CPU
		{21676F21-B2BB-4D3B-86EC-99D57BA3B024}.Debug|x64.ActiveCfg = Debug|Any CPU
		{21676F21-B2BB-4D3B-86EC-99D57BA3B024}.Debug|x64.Build.0 = Debug|Any CPU
		{21676F21-B2BB-4D3B-86EC-99D57BA3B024}.Debug|x86.ActiveCfg = Debug|Any CPU
		{21676F21-B2BB-4D3B-86EC-99D57BA3B024}.Debug|x86.Build.0 = Debug|Any CPU
		{21676F21-B2BB-4D3B-86EC-99D57BA3B024}.Release|Any CPU.ActiveCfg = Release|Any CPU
		{21676F21-B2BB-4D3B-86EC-99D57BA3B024}.Release|Any CPU.Build.0 = Release|Any CPU
		{21676F21-B2BB-4D3B-86EC-99D57BA3B024}.Release|x64.ActiveCfg = Release|Any CPU
		{21676F21-B2BB-4D3B-86EC-99D57BA3B024}.Release|x64.Build.0 = Release|Any CPU
		{21676F21-B2BB-4D3B-86EC-99D57BA3B024}.Release|x86.ActiveCfg = Release|Any CPU
		{21676F21-B2BB-4D3B-86EC-99D57BA3B024}.Release|x86.Build.0 = Release|Any CPU
		{9D13A8F6-22D1-477C-B59E-DEC06995E0A1}.Debug|Any CPU.ActiveCfg = Debug|Any CPU
		{9D13A8F6-22D1-477C-B59E-DEC06995E0A1}.Debug|Any CPU.Build.0 = Debug|Any CPU
		{9D13A8F6-22D1-477C-B59E-DEC06995E0A1}.Debug|x64.ActiveCfg = Debug|Any CPU
		{9D13A8F6-22D1-477C-B59E-DEC06995E0A1}.Debug|x64.Build.0 = Debug|Any CPU
		{9D13A8F6-22D1-477C-B59E-DEC06995E0A1}.Debug|x86.ActiveCfg = Debug|Any CPU
		{9D13A8F6-22D1-477C-B59E-DEC06995E0A1}.Debug|x86.Build.0 = Debug|Any CPU
		{9D13A8F6-22D1-477C-B59E-DEC06995E0A1}.Release|Any CPU.ActiveCfg = Release|Any CPU
		{9D13A8F6-22D1-477C-B59E-DEC06995E0A1}.Release|Any CPU.Build.0 = Release|Any CPU
		{9D13A8F6-22D1-477C-B59E-DEC06995E0A1}.Release|x64.ActiveCfg = Release|Any CPU
		{9D13A8F6-22D1-477C-B59E-DEC06995E0A1}.Release|x64.Build.0 = Release|Any CPU
		{9D13A8F6-22D1-477C-B59E-DEC06995E0A1}.Release|x86.ActiveCfg = Release|Any CPU
		{9D13A8F6-22D1-477C-B59E-DEC06995E0A1}.Release|x86.Build.0 = Release|Any CPU
		{9F7913A0-4556-4D38-8407-61F8F395721E}.Debug|Any CPU.ActiveCfg = Debug|Any CPU
		{9F7913A0-4556-4D38-8407-61F8F395721E}.Debug|Any CPU.Build.0 = Debug|Any CPU
		{9F7913A0-4556-4D38-8407-61F8F395721E}.Debug|x64.ActiveCfg = Debug|Any CPU
		{9F7913A0-4556-4D38-8407-61F8F395721E}.Debug|x64.Build.0 = Debug|Any CPU
		{9F7913A0-4556-4D38-8407-61F8F395721E}.Debug|x86.ActiveCfg = Debug|Any CPU
		{9F7913A0-4556-4D38-8407-61F8F395721E}.Debug|x86.Build.0 = Debug|Any CPU
		{9F7913A0-4556-4D38-8407-61F8F395721E}.Release|Any CPU.ActiveCfg = Release|Any CPU
		{9F7913A0-4556-4D38-8407-61F8F395721E}.Release|Any CPU.Build.0 = Release|Any CPU
		{9F7913A0-4556-4D38-8407-61F8F395721E}.Release|x64.ActiveCfg = Release|Any CPU
		{9F7913A0-4556-4D38-8407-61F8F395721E}.Release|x64.Build.0 = Release|Any CPU
		{9F7913A0-4556-4D38-8407-61F8F395721E}.Release|x86.ActiveCfg = Release|Any CPU
		{9F7913A0-4556-4D38-8407-61F8F395721E}.Release|x86.Build.0 = Release|Any CPU
		{707916AB-A40C-45CB-B5F9-E346D9BBF047}.Debug|Any CPU.ActiveCfg = Debug|Any CPU
		{707916AB-A40C-45CB-B5F9-E346D9BBF047}.Debug|Any CPU.Build.0 = Debug|Any CPU
		{707916AB-A40C-45CB-B5F9-E346D9BBF047}.Debug|x64.ActiveCfg = Debug|Any CPU
		{707916AB-A40C-45CB-B5F9-E346D9BBF047}.Debug|x64.Build.0 = Debug|Any CPU
		{707916AB-A40C-45CB-B5F9-E346D9BBF047}.Debug|x86.ActiveCfg = Debug|Any CPU
		{707916AB-A40C-45CB-B5F9-E346D9BBF047}.Debug|x86.Build.0 = Debug|Any CPU
		{707916AB-A40C-45CB-B5F9-E346D9BBF047}.Release|Any CPU.ActiveCfg = Release|Any CPU
		{707916AB-A40C-45CB-B5F9-E346D9BBF047}.Release|Any CPU.Build.0 = Release|Any CPU
		{707916AB-A40C-45CB-B5F9-E346D9BBF047}.Release|x64.ActiveCfg = Release|Any CPU
		{707916AB-A40C-45CB-B5F9-E346D9BBF047}.Release|x64.Build.0 = Release|Any CPU
		{707916AB-A40C-45CB-B5F9-E346D9BBF047}.Release|x86.ActiveCfg = Release|Any CPU
		{707916AB-A40C-45CB-B5F9-E346D9BBF047}.Release|x86.Build.0 = Release|Any CPU
		{5A81297F-AF89-4847-93FE-88362061C5E9}.Debug|Any CPU.ActiveCfg = Debug|Any CPU
		{5A81297F-AF89-4847-93FE-88362061C5E9}.Debug|Any CPU.Build.0 = Debug|Any CPU
		{5A81297F-AF89-4847-93FE-88362061C5E9}.Debug|x64.ActiveCfg = Debug|Any CPU
		{5A81297F-AF89-4847-93FE-88362061C5E9}.Debug|x64.Build.0 = Debug|Any CPU
		{5A81297F-AF89-4847-93FE-88362061C5E9}.Debug|x86.ActiveCfg = Debug|Any CPU
		{5A81297F-AF89-4847-93FE-88362061C5E9}.Debug|x86.Build.0 = Debug|Any CPU
		{5A81297F-AF89-4847-93FE-88362061C5E9}.Release|Any CPU.ActiveCfg = Release|Any CPU
		{5A81297F-AF89-4847-93FE-88362061C5E9}.Release|Any CPU.Build.0 = Release|Any CPU
		{5A81297F-AF89-4847-93FE-88362061C5E9}.Release|x64.ActiveCfg = Release|Any CPU
		{5A81297F-AF89-4847-93FE-88362061C5E9}.Release|x64.Build.0 = Release|Any CPU
		{5A81297F-AF89-4847-93FE-88362061C5E9}.Release|x86.ActiveCfg = Release|Any CPU
		{5A81297F-AF89-4847-93FE-88362061C5E9}.Release|x86.Build.0 = Release|Any CPU
		{200559B3-BE72-456F-9166-883AFE614BA3}.Debug|Any CPU.ActiveCfg = Debug|Any CPU
		{200559B3-BE72-456F-9166-883AFE614BA3}.Debug|Any CPU.Build.0 = Debug|Any CPU
		{200559B3-BE72-456F-9166-883AFE614BA3}.Debug|x64.ActiveCfg = Debug|Any CPU
		{200559B3-BE72-456F-9166-883AFE614BA3}.Debug|x64.Build.0 = Debug|Any CPU
		{200559B3-BE72-456F-9166-883AFE614BA3}.Debug|x86.ActiveCfg = Debug|Any CPU
		{200559B3-BE72-456F-9166-883AFE614BA3}.Debug|x86.Build.0 = Debug|Any CPU
		{200559B3-BE72-456F-9166-883AFE614BA3}.Release|Any CPU.ActiveCfg = Release|Any CPU
		{200559B3-BE72-456F-9166-883AFE614BA3}.Release|Any CPU.Build.0 = Release|Any CPU
		{200559B3-BE72-456F-9166-883AFE614BA3}.Release|x64.ActiveCfg = Release|Any CPU
		{200559B3-BE72-456F-9166-883AFE614BA3}.Release|x64.Build.0 = Release|Any CPU
		{200559B3-BE72-456F-9166-883AFE614BA3}.Release|x86.ActiveCfg = Release|Any CPU
		{200559B3-BE72-456F-9166-883AFE614BA3}.Release|x86.Build.0 = Release|Any CPU
		{EAA4B961-CF8A-4230-A2CE-962B0FA171FD}.Debug|Any CPU.ActiveCfg = Debug|Any CPU
		{EAA4B961-CF8A-4230-A2CE-962B0FA171FD}.Debug|Any CPU.Build.0 = Debug|Any CPU
		{EAA4B961-CF8A-4230-A2CE-962B0FA171FD}.Debug|x64.ActiveCfg = Debug|Any CPU
		{EAA4B961-CF8A-4230-A2CE-962B0FA171FD}.Debug|x64.Build.0 = Debug|Any CPU
		{EAA4B961-CF8A-4230-A2CE-962B0FA171FD}.Debug|x86.ActiveCfg = Debug|Any CPU
		{EAA4B961-CF8A-4230-A2CE-962B0FA171FD}.Debug|x86.Build.0 = Debug|Any CPU
		{EAA4B961-CF8A-4230-A2CE-962B0FA171FD}.Release|Any CPU.ActiveCfg = Release|Any CPU
		{EAA4B961-CF8A-4230-A2CE-962B0FA171FD}.Release|Any CPU.Build.0 = Release|Any CPU
		{EAA4B961-CF8A-4230-A2CE-962B0FA171FD}.Release|x64.ActiveCfg = Release|Any CPU
		{EAA4B961-CF8A-4230-A2CE-962B0FA171FD}.Release|x64.Build.0 = Release|Any CPU
		{EAA4B961-CF8A-4230-A2CE-962B0FA171FD}.Release|x86.ActiveCfg = Release|Any CPU
		{EAA4B961-CF8A-4230-A2CE-962B0FA171FD}.Release|x86.Build.0 = Release|Any CPU
		{33521FFB-D30A-40E5-8AA8-2E394CD01E76}.Debug|Any CPU.ActiveCfg = Debug|Any CPU
		{33521FFB-D30A-40E5-8AA8-2E394CD01E76}.Debug|Any CPU.Build.0 = Debug|Any CPU
		{33521FFB-D30A-40E5-8AA8-2E394CD01E76}.Debug|x64.ActiveCfg = Debug|Any CPU
		{33521FFB-D30A-40E5-8AA8-2E394CD01E76}.Debug|x64.Build.0 = Debug|Any CPU
		{33521FFB-D30A-40E5-8AA8-2E394CD01E76}.Debug|x86.ActiveCfg = Debug|Any CPU
		{33521FFB-D30A-40E5-8AA8-2E394CD01E76}.Debug|x86.Build.0 = Debug|Any CPU
		{33521FFB-D30A-40E5-8AA8-2E394CD01E76}.Release|Any CPU.ActiveCfg = Release|Any CPU
		{33521FFB-D30A-40E5-8AA8-2E394CD01E76}.Release|Any CPU.Build.0 = Release|Any CPU
		{33521FFB-D30A-40E5-8AA8-2E394CD01E76}.Release|x64.ActiveCfg = Release|Any CPU
		{33521FFB-D30A-40E5-8AA8-2E394CD01E76}.Release|x64.Build.0 = Release|Any CPU
		{33521FFB-D30A-40E5-8AA8-2E394CD01E76}.Release|x86.ActiveCfg = Release|Any CPU
		{33521FFB-D30A-40E5-8AA8-2E394CD01E76}.Release|x86.Build.0 = Release|Any CPU
		{50D09003-1986-415F-9806-408632BF21CA}.Debug|Any CPU.ActiveCfg = Debug|Any CPU
		{50D09003-1986-415F-9806-408632BF21CA}.Debug|Any CPU.Build.0 = Debug|Any CPU
		{50D09003-1986-415F-9806-408632BF21CA}.Debug|x64.ActiveCfg = Debug|Any CPU
		{50D09003-1986-415F-9806-408632BF21CA}.Debug|x64.Build.0 = Debug|Any CPU
		{50D09003-1986-415F-9806-408632BF21CA}.Debug|x86.ActiveCfg = Debug|Any CPU
		{50D09003-1986-415F-9806-408632BF21CA}.Debug|x86.Build.0 = Debug|Any CPU
		{50D09003-1986-415F-9806-408632BF21CA}.Release|Any CPU.ActiveCfg = Release|Any CPU
		{50D09003-1986-415F-9806-408632BF21CA}.Release|Any CPU.Build.0 = Release|Any CPU
		{50D09003-1986-415F-9806-408632BF21CA}.Release|x64.ActiveCfg = Release|Any CPU
		{50D09003-1986-415F-9806-408632BF21CA}.Release|x64.Build.0 = Release|Any CPU
		{50D09003-1986-415F-9806-408632BF21CA}.Release|x86.ActiveCfg = Release|Any CPU
		{50D09003-1986-415F-9806-408632BF21CA}.Release|x86.Build.0 = Release|Any CPU
	EndGlobalSection
	GlobalSection(NestedProjects) = preSolution
		{21676F21-B2BB-4D3B-86EC-99D57BA3B024} = {0E307CDC-C426-4BC9-A014-5E758957C1D2}
		{9D13A8F6-22D1-477C-B59E-DEC06995E0A1} = {0E307CDC-C426-4BC9-A014-5E758957C1D2}
		{9F7913A0-4556-4D38-8407-61F8F395721E} = {52EA03A8-55D8-4684-9E04-7F55EEBACF37}
		{707916AB-A40C-45CB-B5F9-E346D9BBF047} = {52EA03A8-55D8-4684-9E04-7F55EEBACF37}
		{5A81297F-AF89-4847-93FE-88362061C5E9} = {0E307CDC-C426-4BC9-A014-5E758957C1D2}
		{200559B3-BE72-456F-9166-883AFE614BA3} = {0E307CDC-C426-4BC9-A014-5E758957C1D2}
		{EAA4B961-CF8A-4230-A2CE-962B0FA171FD} = {0E307CDC-C426-4BC9-A014-5E758957C1D2}
		{33521FFB-D30A-40E5-8AA8-2E394CD01E76} = {A739953D-FA7F-4576-B229-A0E786686866}
		{D59BBE80-D414-4AFD-BE3A-A50659F8E4C7} = {52EA03A8-55D8-4684-9E04-7F55EEBACF37}
		{50D09003-1986-415F-9806-408632BF21CA} = {D59BBE80-D414-4AFD-BE3A-A50659F8E4C7}
	EndGlobalSection
EndGlobal
